
Microsoft Visual Studio Solution File, Format Version 12.00
# Visual Studio Version 17
VisualStudioVersion = 17.7.34018.315
MinimumVisualStudioVersion = 10.0.40219.1
Project("{FAE04EC0-301F-11D3-BF4B-00C04F79EFBC}") = "inlämnings uppgift 3.1", "inlämnings uppgift 3.1\inlämnings uppgift 3.1.csproj", "{1B4D5CF0-8787-4C32-AF06-49D8DC4A4715}"
EndProject
Global
	GlobalSection(SolutionConfigurationPlatforms) = preSolution
		Debug|Any CPU = Debug|Any CPU
		Release|Any CPU = Release|Any CPU
	EndGlobalSection
	GlobalSection(ProjectConfigurationPlatforms) = postSolution
		{1B4D5CF0-8787-4C32-AF06-49D8DC4A4715}.Debug|Any CPU.ActiveCfg = Debug|Any CPU
		{1B4D5CF0-8787-4C32-AF06-49D8DC4A4715}.Debug|Any CPU.Build.0 = Debug|Any CPU
		{1B4D5CF0-8787-4C32-AF06-49D8DC4A4715}.Release|Any CPU.ActiveCfg = Release|Any CPU
		{1B4D5CF0-8787-4C32-AF06-49D8DC4A4715}.Release|Any CPU.Build.0 = Release|Any CPU
	EndGlobalSection
	GlobalSection(SolutionProperties) = preSolution
		HideSolutionNode = FALSE
	EndGlobalSection
	GlobalSection(ExtensibilityGlobals) = postSolution
		SolutionGuid = {11FE160F-5BA9-4F13-8537-E35D7689F331}
	EndGlobalSection
EndGlobal
